
Microsoft Visual Studio Solution File, Format Version 12.00
# Visual Studio 2012
Project("{FAE04EC0-301F-11D3-BF4B-00C04F79EFBC}") = "Inventory_Software", "Inventory_Software\Inventory_Software.csproj", "{D8AD7275-8416-40AB-B3A6-9078B1C4FB0A}"
EndProject
Global
	GlobalSection(SolutionConfigurationPlatforms) = preSolution
		Debug|Any CPU = Debug|Any CPU
		Release|Any CPU = Release|Any CPU
	EndGlobalSection
	GlobalSection(ProjectConfigurationPlatforms) = postSolution
		{D8AD7275-8416-40AB-B3A6-9078B1C4FB0A}.Debug|Any CPU.ActiveCfg = Debug|Any CPU
		{D8AD7275-8416-40AB-B3A6-9078B1C4FB0A}.Debug|Any CPU.Build.0 = Debug|Any CPU
		{D8AD7275-8416-40AB-B3A6-9078B1C4FB0A}.Release|Any CPU.ActiveCfg = Release|Any CPU
		{D8AD7275-8416-40AB-B3A6-9078B1C4FB0A}.Release|Any CPU.Build.0 = Release|Any CPU
	EndGlobalSection
	GlobalSection(SolutionProperties) = preSolution
		HideSolutionNode = FALSE
	EndGlobalSection
EndGlobal
